schema: '2.0'
stages:
  prepare:
    cmd: python src/data_prep.py --raw_dir data/raw --output_dir data/processed
    deps:
    - path: data/raw
      hash: md5
      md5: 9c3d4c5823ca213cf47fa4236cc7eefc.dir
      size: 1661614547
      nfiles: 24999
    - path: src/data_prep.py
      hash: md5
      md5: 7a70e6fa7f5efad708ef167fe142f1d1
      size: 3442
    outs:
    - path: data/processed
      hash: md5
      md5: 2ca47a926fd8efc092b6e3bf206c060e.dir
      size: 235030526
      nfiles: 24998
  train:
    cmd: python src/train.py --data_dir data/processed --epochs 10 --batch_size 
      32
    deps:
    - path: data/processed
      hash: md5
      md5: 2ca47a926fd8efc092b6e3bf206c060e.dir
      size: 235030526
      nfiles: 24998
    - path: src/model.py
      hash: md5
      md5: 355ed673dc7a632d40c647507b228507
      size: 1517
    - path: src/train.py
      hash: md5
      md5: e8085696d7f0161f30c9ce137c4bc0a3
      size: 6350
    outs:
    - path: model.h5
      hash: md5
      md5: 0041528f87e56d616298aa310c4c05fc
      size: 155346696
  evaluate:
    cmd: python src/evaluate.py --data_dir data/processed --model_path model.h5
    deps:
    - path: data/processed
      hash: md5
      md5: 2ca47a926fd8efc092b6e3bf206c060e.dir
      size: 235030526
      nfiles: 24998
    - path: model.h5
      hash: md5
      md5: 0041528f87e56d616298aa310c4c05fc
      size: 155346696
    - path: src/evaluate.py
      hash: md5
      md5: 95b2965c95bfe21be2c70f6903f794e4
      size: 1558
    outs:
    - path: metrics.json
      hash: md5
      md5: 4f3ad67b502c3fdb25a8a3d1d0f79ebc
      size: 55
